
Microsoft Visual Studio Solution File, Format Version 12.00
# Visual Studio Version 16
VisualStudioVersion = 25.0.1706.0
MinimumVisualStudioVersion = 10.0.40219.1
Project("{FAE04EC0-301F-11D3-BF4B-00C04F79EFBC}") = "learning-asp", "learning-asp.csproj", "{99A89214-4794-4F65-9329-CF4327542501}"
EndProject
Global
	GlobalSection(SolutionConfigurationPlatforms) = preSolution
		Debug|Any CPU = Debug|Any CPU
		Release|Any CPU = Release|Any CPU
	EndGlobalSection
	GlobalSection(ProjectConfigurationPlatforms) = postSolution
		{99A89214-4794-4F65-9329-CF4327542501}.Debug|Any CPU.ActiveCfg = Debug|Any CPU
		{99A89214-4794-4F65-9329-CF4327542501}.Debug|Any CPU.Build.0 = Debug|Any CPU
		{99A89214-4794-4F65-9329-CF4327542501}.Release|Any CPU.ActiveCfg = Release|Any CPU
		{99A89214-4794-4F65-9329-CF4327542501}.Release|Any CPU.Build.0 = Release|Any CPU
	EndGlobalSection
	GlobalSection(SolutionProperties) = preSolution
		HideSolutionNode = FALSE
	EndGlobalSection
	GlobalSection(ExtensibilityGlobals) = postSolution
		SolutionGuid = {CEA3EA55-C3A9-4742-9997-F58E887702B5}
	EndGlobalSection
EndGlobal
